
Microsoft Visual Studio Solution File, Format Version 12.00
# Visual Studio Version 16
VisualStudioVersion = 16.0.32002.261
MinimumVisualStudioVersion = 10.0.40219.1
Project("{FAE04EC0-301F-11D3-BF4B-00C04F79EFBC}") = "lobo", "lobo\lobo.csproj", "{9F5FA2EF-980A-4223-9455-563B465A868F}"
EndProject
Global
	GlobalSection(SolutionConfigurationPlatforms) = preSolution
		Debug|Any CPU = Debug|Any CPU
		Release|Any CPU = Release|Any CPU
	EndGlobalSection
	GlobalSection(ProjectConfigurationPlatforms) = postSolution
		{9F5FA2EF-980A-4223-9455-563B465A868F}.Debug|Any CPU.ActiveCfg = Debug|Any CPU
		{9F5FA2EF-980A-4223-9455-563B465A868F}.Debug|Any CPU.Build.0 = Debug|Any CPU
		{9F5FA2EF-980A-4223-9455-563B465A868F}.Release|Any CPU.ActiveCfg = Release|Any CPU
		{9F5FA2EF-980A-4223-9455-563B465A868F}.Release|Any CPU.Build.0 = Release|Any CPU
	EndGlobalSection
	GlobalSection(SolutionProperties) = preSolution
		HideSolutionNode = FALSE
	EndGlobalSection
	GlobalSection(ExtensibilityGlobals) = postSolution
		SolutionGuid = {CE8C2AC0-E405-4754-A5F8-13A6090A4C0D}
	EndGlobalSection
EndGlobal
